Microsoft Visual Studio Solution File, Format Version 12.00
# Visual Studio Version 16
VisualStudioVersion = 16.0.29920.165
MinimumVisualStudioVersion = 15.0.26124.0

Project("{D954291E-2A0B-460D-934E-DC6B0785DB48}") = "MyApp.Shared", "MyApp.Shared\MyApp.Shared.shproj", "{6279C845-92F8-4333-AB99-3D213163593C}"
EndProject




Project("{9A19103F-16F7-4668-BE54-9A1E7A4F7556}") = "MyApp.Wasm", "MyApp.Wasm\MyApp.Wasm.csproj", "{40EA03F7-8A22-4143-B251-79BAC3EB13D2}"
EndProject

Global
	GlobalSection(SharedMSBuildProjectFiles) = preSolution
		MyApp.Shared\MyApp.Shared.projitems*{b7d862ab-2cd4-4d3c-b878-0ddb92b55c1f}*SharedItemsImports = 4
		MyApp.Shared\MyApp.Shared.projitems*{d94bb677-737f-4114-97cd-68842cd0f155}*SharedItemsImports = 4
		MyApp.Shared\MyApp.Shared.projitems*{40ea03f7-8a22-4143-b251-79bac3eb13d2}*SharedItemsImports = 5
		MyApp.Shared\MyApp.Shared.projitems*{068ceda0-09ab-4693-bad9-1cdd9642cfc9}*SharedItemsImports = 4
		MyApp.Shared\MyApp.Shared.projitems*{6279c845-92f8-4333-ab99-3d213163593c}*SharedItemsImports = 13
		MyApp.Shared\MyApp.Shared.projitems*{95d53a37-8b66-4954-a2c5-a8872e795f4f}*SharedItemsImports = 4
	EndGlobalSection
	GlobalSection(SolutionConfigurationPlatforms) = preSolution
		Debug|Any CPU = Debug|Any CPU
		Debug|ARM = Debug|ARM
		Debug|ARM64 = Debug|ARM64
		Debug|iPhone = Debug|iPhone
		Debug|iPhoneSimulator = Debug|iPhoneSimulator
		Debug|x64 = Debug|x64
		Debug|x86 = Debug|x86
		Release|Any CPU = Release|Any CPU
		Release|ARM = Release|ARM
		Release|ARM64 = Release|ARM64
		Release|iPhone = Release|iPhone
		Release|iPhoneSimulator = Release|iPhoneSimulator
		Release|x64 = Release|x64
		Release|x86 = Release|x86
	EndGlobalSection
	GlobalSection(ProjectConfigurationPlatforms) = postSolution
		{b7d862ab-2cd4-4d3c-b878-0ddb92b55c1f}.Debug|Any CPU.ActiveCfg = Debug|Any CPU
		{b7d862ab-2cd4-4d3c-b878-0ddb92b55c1f}.Debug|Any CPU.Build.0 = Debug|Any CPU
		{b7d862ab-2cd4-4d3c-b878-0ddb92b55c1f}.Debug|Any CPU.Deploy.0 = Debug|Any CPU
		{b7d862ab-2cd4-4d3c-b878-0ddb92b55c1f}.Debug|ARM.ActiveCfg = Debug|Any CPU
		{b7d862ab-2cd4-4d3c-b878-0ddb92b55c1f}.Debug|ARM.Build.0 = Debug|Any CPU
		{b7d862ab-2cd4-4d3c-b878-0ddb92b55c1f}.Debug|ARM.Deploy.0 = Debug|Any CPU
		{b7d862ab-2cd4-4d3c-b878-0ddb92b55c1f}.Debug|ARM64.ActiveCfg = Debug|Any CPU
		{b7d862ab-2cd4-4d3c-b878-0ddb92b55c1f}.Debug|ARM64.Build.0 = Debug|Any CPU
		{b7d862ab-2cd4-4d3c-b878-0ddb92b55c1f}.Debug|ARM64.Deploy.0 = Debug|Any CPU
		{b7d862ab-2cd4-4d3c-b878-0ddb92b55c1f}.Debug|iPhone.ActiveCfg = Debug|Any CPU
		{b7d862ab-2cd4-4d3c-b878-0ddb92b55c1f}.Debug|iPhone.Build.0 = Debug|Any CPU
		{b7d862ab-2cd4-4d3c-b878-0ddb92b55c1f}.Debug|iPhone.Deploy.0 = Debug|Any CPU
		{b7d862ab-2cd4-4d3c-b878-0ddb92b55c1f}.Debug|iPhoneSimulator.ActiveCfg = Debug|Any CPU
		{b7d862ab-2cd4-4d3c-b878-0ddb92b55c1f}.Debug|iPhoneSimulator.Build.0 = Debug|Any CPU
		{b7d862ab-2cd4-4d3c-b878-0ddb92b55c1f}.Debug|iPhoneSimulator.Deploy.0 = Debug|Any CPU
		{b7d862ab-2cd4-4d3c-b878-0ddb92b55c1f}.Debug|x64.ActiveCfg = Debug|Any CPU
		{b7d862ab-2cd4-4d3c-b878-0ddb92b55c1f}.Debug|x64.Build.0 = Debug|Any CPU
		{b7d862ab-2cd4-4d3c-b878-0ddb92b55c1f}.Debug|x64.Deploy.0 = Debug|Any CPU
		{b7d862ab-2cd4-4d3c-b878-0ddb92b55c1f}.Debug|x86.ActiveCfg = Debug|Any CPU
		{b7d862ab-2cd4-4d3c-b878-0ddb92b55c1f}.Debug|x86.Build.0 = Debug|Any CPU
		{b7d862ab-2cd4-4d3c-b878-0ddb92b55c1f}.Debug|x86.Deploy.0 = Debug|Any CPU
		{b7d862ab-2cd4-4d3c-b878-0ddb92b55c1f}.Release|Any CPU.ActiveCfg = Release|Any CPU
		{b7d862ab-2cd4-4d3c-b878-0ddb92b55c1f}.Release|Any CPU.Build.0 = Release|Any CPU
		{b7d862ab-2cd4-4d3c-b878-0ddb92b55c1f}.Release|Any CPU.Deploy.0 = Release|Any CPU
		{b7d862ab-2cd4-4d3c-b878-0ddb92b55c1f}.Release|ARM.ActiveCfg = Release|Any CPU
		{b7d862ab-2cd4-4d3c-b878-0ddb92b55c1f}.Release|ARM.Build.0 = Release|Any CPU
		{b7d862ab-2cd4-4d3c-b878-0ddb92b55c1f}.Release|ARM.Deploy.0 = Release|Any CPU
		{b7d862ab-2cd4-4d3c-b878-0ddb92b55c1f}.Release|ARM64.ActiveCfg = Release|Any CPU
		{b7d862ab-2cd4-4d3c-b878-0ddb92b55c1f}.Release|ARM64.Build.0 = Release|Any CPU
		{b7d862ab-2cd4-4d3c-b878-0ddb92b55c1f}.Release|ARM64.Deploy.0 = Release|Any CPU
		{b7d862ab-2cd4-4d3c-b878-0ddb92b55c1f}.Release|iPhone.ActiveCfg = Release|Any CPU
		{b7d862ab-2cd4-4d3c-b878-0ddb92b55c1f}.Release|iPhone.Build.0 = Release|Any CPU
		{b7d862ab-2cd4-4d3c-b878-0ddb92b55c1f}.Release|iPhone.Deploy.0 = Release|Any CPU
		{b7d862ab-2cd4-4d3c-b878-0ddb92b55c1f}.Release|iPhoneSimulator.ActiveCfg = Release|Any CPU
		{b7d862ab-2cd4-4d3c-b878-0ddb92b55c1f}.Release|iPhoneSimulator.Build.0 = Release|Any CPU
		{b7d862ab-2cd4-4d3c-b878-0ddb92b55c1f}.Release|iPhoneSimulator.Deploy.0 = Release|Any CPU
		{b7d862ab-2cd4-4d3c-b878-0ddb92b55c1f}.Release|x64.ActiveCfg = Release|Any CPU
		{b7d862ab-2cd4-4d3c-b878-0ddb92b55c1f}.Release|x64.Build.0 = Release|Any CPU
		{b7d862ab-2cd4-4d3c-b878-0ddb92b55c1f}.Release|x64.Deploy.0 = Release|Any CPU
		{b7d862ab-2cd4-4d3c-b878-0ddb92b55c1f}.Release|x86.ActiveCfg = Release|Any CPU
		{b7d862ab-2cd4-4d3c-b878-0ddb92b55c1f}.Release|x86.Build.0 = Release|Any CPU
		{b7d862ab-2cd4-4d3c-b878-0ddb92b55c1f}.Release|x86.Deploy.0 = Release|Any CPU
		{068ceda0-09ab-4693-bad9-1cdd9642cfc9}.Debug|Any CPU.ActiveCfg = Debug|iPhone
		{068ceda0-09ab-4693-bad9-1cdd9642cfc9}.Debug|Any CPU.Build.0 = Debug|iPhone
		{068ceda0-09ab-4693-bad9-1cdd9642cfc9}.Debug|Any CPU.Deploy.0 = Debug|iPhone
		{068ceda0-09ab-4693-bad9-1cdd9642cfc9}.Debug|ARM.ActiveCfg = Debug|iPhone
		{068ceda0-09ab-4693-bad9-1cdd9642cfc9}.Debug|ARM64.ActiveCfg = Debug|iPhone
		{068ceda0-09ab-4693-bad9-1cdd9642cfc9}.Debug|iPhone.ActiveCfg = Debug|iPhone
		{068ceda0-09ab-4693-bad9-1cdd9642cfc9}.Debug|iPhone.Build.0 = Debug|iPhone
		{068ceda0-09ab-4693-bad9-1cdd9642cfc9}.Debug|iPhoneSimulator.ActiveCfg = Debug|iPhoneSimulator
		{068ceda0-09ab-4693-bad9-1cdd9642cfc9}.Debug|iPhoneSimulator.Build.0 = Debug|iPhoneSimulator
		{068ceda0-09ab-4693-bad9-1cdd9642cfc9}.Debug|x64.ActiveCfg = Debug|iPhone
		{068ceda0-09ab-4693-bad9-1cdd9642cfc9}.Debug|x64.Build.0 = Debug|iPhone
		{068ceda0-09ab-4693-bad9-1cdd9642cfc9}.Debug|x64.Deploy.0 = Debug|iPhone
		{068ceda0-09ab-4693-bad9-1cdd9642cfc9}.Debug|x86.ActiveCfg = Debug|iPhoneSimulator
		{068ceda0-09ab-4693-bad9-1cdd9642cfc9}.Debug|x86.Build.0 = Debug|iPhoneSimulator
		{068ceda0-09ab-4693-bad9-1cdd9642cfc9}.Debug|x86.Deploy.0 = Debug|iPhoneSimulator
		{068ceda0-09ab-4693-bad9-1cdd9642cfc9}.Release|Any CPU.ActiveCfg = Release|iPhone
		{068ceda0-09ab-4693-bad9-1cdd9642cfc9}.Release|ARM.ActiveCfg = Release|iPhone
		{068ceda0-09ab-4693-bad9-1cdd9642cfc9}.Release|ARM64.ActiveCfg = Release|iPhone
		{068ceda0-09ab-4693-bad9-1cdd9642cfc9}.Release|iPhone.ActiveCfg = Release|iPhone
		{068ceda0-09ab-4693-bad9-1cdd9642cfc9}.Release|iPhone.Build.0 = Release|iPhone
		{068ceda0-09ab-4693-bad9-1cdd9642cfc9}.Release|iPhoneSimulator.ActiveCfg = Release|iPhoneSimulator
		{068ceda0-09ab-4693-bad9-1cdd9642cfc9}.Release|iPhoneSimulator.Build.0 = Release|iPhoneSimulator
		{068ceda0-09ab-4693-bad9-1cdd9642cfc9}.Release|x64.ActiveCfg = Release|iPhoneSimulator
		{068ceda0-09ab-4693-bad9-1cdd9642cfc9}.Release|x64.Build.0 = Release|iPhoneSimulator
		{068ceda0-09ab-4693-bad9-1cdd9642cfc9}.Release|x64.Deploy.0 = Release|iPhoneSimulator
		{068ceda0-09ab-4693-bad9-1cdd9642cfc9}.Release|x86.ActiveCfg = Release|iPhoneSimulator
		{068ceda0-09ab-4693-bad9-1cdd9642cfc9}.Release|x86.Build.0 = Release|iPhoneSimulator
		{95d53a37-8b66-4954-a2c5-a8872e795f4f}.Debug|Any CPU.ActiveCfg = Debug|x86
		{95d53a37-8b66-4954-a2c5-a8872e795f4f}.Debug|Any CPU.Build.0 = Debug|x86
		{95d53a37-8b66-4954-a2c5-a8872e795f4f}.Debug|Any CPU.Deploy.0 = Debug|x86
		{95d53a37-8b66-4954-a2c5-a8872e795f4f}.Debug|ARM.ActiveCfg = Debug|ARM
		{95d53a37-8b66-4954-a2c5-a8872e795f4f}.Debug|ARM.Build.0 = Debug|ARM
		{95d53a37-8b66-4954-a2c5-a8872e795f4f}.Debug|ARM.Deploy.0 = Debug|ARM
		{95d53a37-8b66-4954-a2c5-a8872e795f4f}.Debug|ARM64.ActiveCfg = Debug|ARM64
		{95d53a37-8b66-4954-a2c5-a8872e795f4f}.Debug|ARM64.Build.0 = Debug|ARM64
		{95d53a37-8b66-4954-a2c5-a8872e795f4f}.Debug|ARM64.Deploy.0 = Debug|ARM64
		{95d53a37-8b66-4954-a2c5-a8872e795f4f}.Debug|iPhone.ActiveCfg = Debug|x86
		{95d53a37-8b66-4954-a2c5-a8872e795f4f}.Debug|iPhone.Build.0 = Debug|x86
		{95d53a37-8b66-4954-a2c5-a8872e795f4f}.Debug|iPhone.Deploy.0 = Debug|x86
		{95d53a37-8b66-4954-a2c5-a8872e795f4f}.Debug|iPhoneSimulator.ActiveCfg = Debug|x86
		{95d53a37-8b66-4954-a2c5-a8872e795f4f}.Debug|iPhoneSimulator.Build.0 = Debug|x86
		{95d53a37-8b66-4954-a2c5-a8872e795f4f}.Debug|iPhoneSimulator.Deploy.0 = Debug|x86
		{95d53a37-8b66-4954-a2c5-a8872e795f4f}.Debug|x64.ActiveCfg = Debug|x64
		{95d53a37-8b66-4954-a2c5-a8872e795f4f}.Debug|x64.Build.0 = Debug|x64
		{95d53a37-8b66-4954-a2c5-a8872e795f4f}.Debug|x64.Deploy.0 = Debug|x64
		{95d53a37-8b66-4954-a2c5-a8872e795f4f}.Debug|x86.ActiveCfg = Debug|x86
		{95d53a37-8b66-4954-a2c5-a8872e795f4f}.Debug|x86.Build.0 = Debug|x86
		{95d53a37-8b66-4954-a2c5-a8872e795f4f}.Debug|x86.Deploy.0 = Debug|x86
		{95d53a37-8b66-4954-a2c5-a8872e795f4f}.Release|Any CPU.ActiveCfg = Release|x86
		{95d53a37-8b66-4954-a2c5-a8872e795f4f}.Release|ARM.ActiveCfg = Release|ARM
		{95d53a37-8b66-4954-a2c5-a8872e795f4f}.Release|ARM.Build.0 = Release|ARM
		{95d53a37-8b66-4954-a2c5-a8872e795f4f}.Release|ARM.Deploy.0 = Release|ARM
		{95d53a37-8b66-4954-a2c5-a8872e795f4f}.Release|ARM64.ActiveCfg = Release|ARM64
		{95d53a37-8b66-4954-a2c5-a8872e795f4f}.Release|ARM64.Build.0 = Release|ARM64
		{95d53a37-8b66-4954-a2c5-a8872e795f4f}.Release|ARM64.Deploy.0 = Release|ARM64
		{95d53a37-8b66-4954-a2c5-a8872e795f4f}.Release|iPhone.ActiveCfg = Release|x86
		{95d53a37-8b66-4954-a2c5-a8872e795f4f}.Release|iPhone.Build.0 = Release|x86
		{95d53a37-8b66-4954-a2c5-a8872e795f4f}.Release|iPhoneSimulator.ActiveCfg = Release|x86
		{95d53a37-8b66-4954-a2c5-a8872e795f4f}.Release|iPhoneSimulator.Build.0 = Release|x86
		{95d53a37-8b66-4954-a2c5-a8872e795f4f}.Release|iPhoneSimulator.Deploy.0 = Release|x86
		{95d53a37-8b66-4954-a2c5-a8872e795f4f}.Release|x64.ActiveCfg = Release|x64
		{95d53a37-8b66-4954-a2c5-a8872e795f4f}.Release|x64.Build.0 = Release|x64
		{95d53a37-8b66-4954-a2c5-a8872e795f4f}.Release|x64.Deploy.0 = Release|x64
		{95d53a37-8b66-4954-a2c5-a8872e795f4f}.Release|x86.ActiveCfg = Release|x86
		{95d53a37-8b66-4954-a2c5-a8872e795f4f}.Release|x86.Build.0 = Release|x86
		{95d53a37-8b66-4954-a2c5-a8872e795f4f}.Release|x86.Deploy.0 = Release|x86
		{40EA03F7-8A22-4143-B251-79BAC3EB13D2}.Debug|Any CPU.ActiveCfg = Debug|Any CPU
		{40EA03F7-8A22-4143-B251-79BAC3EB13D2}.Debug|Any CPU.Build.0 = Debug|Any CPU
		{40EA03F7-8A22-4143-B251-79BAC3EB13D2}.Debug|ARM.ActiveCfg = Debug|Any CPU
		{40EA03F7-8A22-4143-B251-79BAC3EB13D2}.Debug|ARM.Build.0 = Debug|Any CPU
		{40EA03F7-8A22-4143-B251-79BAC3EB13D2}.Debug|ARM64.ActiveCfg = Debug|Any CPU
		{40EA03F7-8A22-4143-B251-79BAC3EB13D2}.Debug|ARM64.Build.0 = Debug|Any CPU
		{40EA03F7-8A22-4143-B251-79BAC3EB13D2}.Debug|iPhone.ActiveCfg = Debug|Any CPU
		{40EA03F7-8A22-4143-B251-79BAC3EB13D2}.Debug|iPhone.Build.0 = Debug|Any CPU
		{40EA03F7-8A22-4143-B251-79BAC3EB13D2}.Debug|iPhoneSimulator.ActiveCfg = Debug|Any CPU
		{40EA03F7-8A22-4143-B251-79BAC3EB13D2}.Debug|iPhoneSimulator.Build.0 = Debug|Any CPU
		{40EA03F7-8A22-4143-B251-79BAC3EB13D2}.Debug|x64.ActiveCfg = Debug|Any CPU
		{40EA03F7-8A22-4143-B251-79BAC3EB13D2}.Debug|x64.Build.0 = Debug|Any CPU
		{40EA03F7-8A22-4143-B251-79BAC3EB13D2}.Debug|x86.ActiveCfg = Debug|Any CPU
		{40EA03F7-8A22-4143-B251-79BAC3EB13D2}.Debug|x86.Build.0 = Debug|Any CPU
		{40EA03F7-8A22-4143-B251-79BAC3EB13D2}.Release|Any CPU.ActiveCfg = Release|Any CPU
		{40EA03F7-8A22-4143-B251-79BAC3EB13D2}.Release|Any CPU.Build.0 = Release|Any CPU
		{40EA03F7-8A22-4143-B251-79BAC3EB13D2}.Release|ARM.ActiveCfg = Release|Any CPU
		{40EA03F7-8A22-4143-B251-79BAC3EB13D2}.Release|ARM.Build.0 = Release|Any CPU
		{40EA03F7-8A22-4143-B251-79BAC3EB13D2}.Release|ARM64.ActiveCfg = Release|Any CPU
		{40EA03F7-8A22-4143-B251-79BAC3EB13D2}.Release|ARM64.Build.0 = Release|Any CPU
		{40EA03F7-8A22-4143-B251-79BAC3EB13D2}.Release|iPhone.ActiveCfg = Release|Any CPU
		{40EA03F7-8A22-4143-B251-79BAC3EB13D2}.Release|iPhone.Build.0 = Release|Any CPU
		{40EA03F7-8A22-4143-B251-79BAC3EB13D2}.Release|iPhoneSimulator.ActiveCfg = Release|Any CPU
		{40EA03F7-8A22-4143-B251-79BAC3EB13D2}.Release|iPhoneSimulator.Build.0 = Release|Any CPU
		{40EA03F7-8A22-4143-B251-79BAC3EB13D2}.Release|x64.ActiveCfg = Release|Any CPU
		{40EA03F7-8A22-4143-B251-79BAC3EB13D2}.Release|x64.Build.0 = Release|Any CPU
		{40EA03F7-8A22-4143-B251-79BAC3EB13D2}.Release|x86.ActiveCfg = Release|Any CPU
		{40EA03F7-8A22-4143-B251-79BAC3EB13D2}.Release|x86.Build.0 = Release|Any CPU
		{d94bb677-737f-4114-97cd-68842cd0f155}.Debug|Any CPU.ActiveCfg = Debug|iPhoneSimulator
		{d94bb677-737f-4114-97cd-68842cd0f155}.Debug|Any CPU.Build.0 = Debug|iPhoneSimulator
		{d94bb677-737f-4114-97cd-68842cd0f155}.Debug|ARM.ActiveCfg = Debug|iPhoneSimulator
		{d94bb677-737f-4114-97cd-68842cd0f155}.Debug|ARM64.ActiveCfg = Debug|iPhoneSimulator
		{d94bb677-737f-4114-97cd-68842cd0f155}.Debug|iPhone.ActiveCfg = Debug|iPhoneSimulator
		{d94bb677-737f-4114-97cd-68842cd0f155}.Debug|iPhone.Build.0 = Debug|iPhoneSimulator
		{d94bb677-737f-4114-97cd-68842cd0f155}.Debug|iPhoneSimulator.ActiveCfg = Debug|iPhoneSimulator
		{d94bb677-737f-4114-97cd-68842cd0f155}.Debug|iPhoneSimulator.Build.0 = Debug|iPhoneSimulator
		{d94bb677-737f-4114-97cd-68842cd0f155}.Debug|x64.ActiveCfg = Debug|iPhoneSimulator
		{d94bb677-737f-4114-97cd-68842cd0f155}.Debug|x64.Build.0 = Debug|iPhoneSimulator
		{d94bb677-737f-4114-97cd-68842cd0f155}.Debug|x86.ActiveCfg = Debug|iPhoneSimulator
		{d94bb677-737f-4114-97cd-68842cd0f155}.Debug|x86.Build.0 = Debug|iPhoneSimulator
		{d94bb677-737f-4114-97cd-68842cd0f155}.Release|Any CPU.ActiveCfg = Release|iPhoneSimulator
		{d94bb677-737f-4114-97cd-68842cd0f155}.Release|ARM.ActiveCfg = Release|iPhoneSimulator
		{d94bb677-737f-4114-97cd-68842cd0f155}.Release|ARM64.ActiveCfg = Release|iPhoneSimulator
		{d94bb677-737f-4114-97cd-68842cd0f155}.Release|iPhone.ActiveCfg = Release|iPhoneSimulator
		{d94bb677-737f-4114-97cd-68842cd0f155}.Release|iPhone.Build.0 = Release|iPhoneSimulator
		{d94bb677-737f-4114-97cd-68842cd0f155}.Release|iPhoneSimulator.ActiveCfg = Release|iPhoneSimulator
		{d94bb677-737f-4114-97cd-68842cd0f155}.Release|iPhoneSimulator.Build.0 = Release|iPhoneSimulator
		{d94bb677-737f-4114-97cd-68842cd0f155}.Release|x64.ActiveCfg = Release|iPhoneSimulator
		{d94bb677-737f-4114-97cd-68842cd0f155}.Release|x64.Build.0 = Release|iPhoneSimulator
		{d94bb677-737f-4114-97cd-68842cd0f155}.Release|x86.ActiveCfg = Release|iPhoneSimulator
		{d94bb677-737f-4114-97cd-68842cd0f155}.Release|x86.Build.0 = Release|iPhoneSimulator
	EndGlobalSection
	GlobalSection(SolutionProperties) = preSolution
		HideSolutionNode = FALSE
	EndGlobalSection
	GlobalSection(ExtensibilityGlobals) = postSolution
		SolutionGuid = {C7433AE2-B1A0-4C1A-887E-5CAA7AAF67A6}
	EndGlobalSection
EndGlobal
